
Microsoft Visual Studio Solution File, Format Version 12.00
# Visual Studio Version 16
VisualStudioVersion = 16.0.29209.62
MinimumVisualStudioVersion = 10.0.40219.1
Project("{FAE04EC0-301F-11D3-BF4B-00C04F79EFBC}") = "Exercicio", "Exercicio\Exercicio.csproj", "{5A556E13-40A7-409E-B86D-72CA9EE69D7E}"
EndProject
Global
	GlobalSection(SolutionConfigurationPlatforms) = preSolution
		Debug|Any CPU = Debug|Any CPU
		Release|Any CPU = Release|Any CPU
	EndGlobalSection
	GlobalSection(ProjectConfigurationPlatforms) = postSolution
		{5A556E13-40A7-409E-B86D-72CA9EE69D7E}.Debug|Any CPU.ActiveCfg = Debug|Any CPU
		{5A556E13-40A7-409E-B86D-72CA9EE69D7E}.Debug|Any CPU.Build.0 = Debug|Any CPU
		{5A556E13-40A7-409E-B86D-72CA9EE69D7E}.Release|Any CPU.ActiveCfg = Release|Any CPU
		{5A556E13-40A7-409E-B86D-72CA9EE69D7E}.Release|Any CPU.Build.0 = Release|Any CPU
	EndGlobalSection
	GlobalSection(SolutionProperties) = preSolution
		HideSolutionNode = FALSE
	EndGlobalSection
	GlobalSection(ExtensibilityGlobals) = postSolution
		SolutionGuid = {8D00FB71-3098-4C11-8386-C718D05A966B}
	EndGlobalSection
EndGlobal
